{
  "name": "beacon",
  "version": "0.1.0",
  "lockfileVersion": 3,
  "requires": true,
  "packages": {
    "": {
      "name": "beacon",
      "version": "0.1.0",
      "license": "MIT",
      "devDependencies": {
        "wrangler": "^3.0.0"
      }
    },
    "node_modules/wrangler": {
      "version": "3.91.0",
      "resolved": "https://registry.npmjs.org/wrangler/-/wrangler-3.91.0.tgz",
      "integrity": "sha512-placeholder",
      "dev": true,
      "bin": {
        "wrangler": "bin/wrangler.js"
      },
      "engines": {
        "node": ">=16.17.0"
      }
    }
  }
}
